// !$*UTF8*$!
{
	archiveVersion = 1;
	classes = {
	};
	objectVersion = 56;
	objects = {

/* Begin PBXBuildFile section */
		0603169A2B63C22400CB1AEF /* RealmManager.swift in Sources */ = {isa = PBXBuildFile; fileRef = 060316992B63C22400CB1AEF /* RealmManager.swift */; };
		0603169C2B64148200CB1AEF /* CarbohydrateModel.swift in Sources */ = {isa = PBXBuildFile; fileRef = 0603169B2B64148200CB1AEF /* CarbohydrateModel.swift */; };
		0603169E2B64175500CB1AEF /* InsulinModel.swift in Sources */ = {isa = PBXBuildFile; fileRef = 0603169D2B64175500CB1AEF /* InsulinModel.swift */; };
		0627B4102B7638E30073E191 /* ridge_multioutput__me_multioutput__180__what_if.json in Resources */ = {isa = PBXBuildFile; fileRef = 0627B40F2B7638E20073E191 /* ridge_multioutput__me_multioutput__180__what_if.json */; };
		063752282B762C710000611B /* ridge_multioutput__me_multioutput__180.json in Resources */ = {isa = PBXBuildFile; fileRef = 063752272B762C710000611B /* ridge_multioutput__me_multioutput__180.json */; };
		067C894C2B7535A900AA67FF /* RidgeRegressorNew.swift in Sources */ = {isa = PBXBuildFile; fileRef = 067C894B2B7535A900AA67FF /* RidgeRegressorNew.swift */; };
		068E1CB12B46FCE800CCF8E4 /* BaseModel.swift in Sources */ = {isa = PBXBuildFile; fileRef = 068E1CB02B46FCE800CCF8E4 /* BaseModel.swift */; };
		068E1CB32B46FE2B00CCF8E4 /* MockModel.swift in Sources */ = {isa = PBXBuildFile; fileRef = 068E1CB22B46FE2B00CCF8E4 /* MockModel.swift */; };
		06E120012B5A775A009A3AF7 /* LSTM.swift in Sources */ = {isa = PBXBuildFile; fileRef = 06E120002B5A775A009A3AF7 /* LSTM.swift */; };
		06E1204A2B5C3E7B009A3AF7 /* ridge__me__105.mlpackage in Sources */ = {isa = PBXBuildFile; fileRef = 06E1203E2B5C3E7B009A3AF7 /* ridge__me__105.mlpackage */; };
		06E1204B2B5C3E7B009A3AF7 /* ridge__me__180.mlpackage in Sources */ = {isa = PBXBuildFile; fileRef = 06E1203F2B5C3E7B009A3AF7 /* ridge__me__180.mlpackage */; };
		06E1204C2B5C3E7B009A3AF7 /* ridge__me__135.mlpackage in Sources */ = {isa = PBXBuildFile; fileRef = 06E120402B5C3E7B009A3AF7 /* ridge__me__135.mlpackage */; };
		06E1204D2B5C3E7B009A3AF7 /* ridge__me__45.mlpackage in Sources */ = {isa = PBXBuildFile; fileRef = 06E120412B5C3E7B009A3AF7 /* ridge__me__45.mlpackage */; };
		06E1204E2B5C3E7B009A3AF7 /* ridge__me__15.mlpackage in Sources */ = {isa = PBXBuildFile; fileRef = 06E120422B5C3E7B009A3AF7 /* ridge__me__15.mlpackage */; };
		06E1204F2B5C3E7B009A3AF7 /* ridge__me__120.mlpackage in Sources */ = {isa = PBXBuildFile; fileRef = 06E120432B5C3E7B009A3AF7 /* ridge__me__120.mlpackage */; };
		06E120502B5C3E7B009A3AF7 /* ridge__me__165.mlpackage in Sources */ = {isa = PBXBuildFile; fileRef = 06E120442B5C3E7B009A3AF7 /* ridge__me__165.mlpackage */; };
		06E120512B5C3E7B009A3AF7 /* ridge__me__150.mlpackage in Sources */ = {isa = PBXBuildFile; fileRef = 06E120452B5C3E7B009A3AF7 /* ridge__me__150.mlpackage */; };
		06E120522B5C3E7B009A3AF7 /* ridge__me__60.mlpackage in Sources */ = {isa = PBXBuildFile; fileRef = 06E120462B5C3E7B009A3AF7 /* ridge__me__60.mlpackage */; };
		06E120532B5C3E7B009A3AF7 /* ridge__me__90.mlpackage in Sources */ = {isa = PBXBuildFile; fileRef = 06E120472B5C3E7B009A3AF7 /* ridge__me__90.mlpackage */; };
		06E120542B5C3E7B009A3AF7 /* ridge__me__75.mlpackage in Sources */ = {isa = PBXBuildFile; fileRef = 06E120482B5C3E7B009A3AF7 /* ridge__me__75.mlpackage */; };
		06E120552B5C3E7B009A3AF7 /* ridge__me__30.mlpackage in Sources */ = {isa = PBXBuildFile; fileRef = 06E120492B5C3E7B009A3AF7 /* ridge__me__30.mlpackage */; };
		06E120622B5C75C3009A3AF7 /* lstm__me__15.mlpackage in Sources */ = {isa = PBXBuildFile; fileRef = 06E120562B5C75C2009A3AF7 /* lstm__me__15.mlpackage */; };
		06E120632B5C75C3009A3AF7 /* lstm__me__150.mlpackage in Sources */ = {isa = PBXBuildFile; fileRef = 06E120572B5C75C2009A3AF7 /* lstm__me__150.mlpackage */; };
		06E120642B5C75C3009A3AF7 /* lstm__me__75.mlpackage in Sources */ = {isa = PBXBuildFile; fileRef = 06E120582B5C75C2009A3AF7 /* lstm__me__75.mlpackage */; };
		06E120652B5C75C3009A3AF7 /* lstm__me__30.mlpackage in Sources */ = {isa = PBXBuildFile; fileRef = 06E120592B5C75C2009A3AF7 /* lstm__me__30.mlpackage */; };
		06E120662B5C75C3009A3AF7 /* lstm__me__165.mlpackage in Sources */ = {isa = PBXBuildFile; fileRef = 06E1205A2B5C75C2009A3AF7 /* lstm__me__165.mlpackage */; };
		06E120672B5C75C3009A3AF7 /* lstm__me__120.mlpackage in Sources */ = {isa = PBXBuildFile; fileRef = 06E1205B2B5C75C2009A3AF7 /* lstm__me__120.mlpackage */; };
		06E120682B5C75C3009A3AF7 /* lstm__me__60.mlpackage in Sources */ = {isa = PBXBuildFile; fileRef = 06E1205C2B5C75C2009A3AF7 /* lstm__me__60.mlpackage */; };
		06E120692B5C75C3009A3AF7 /* lstm__me__180.mlpackage in Sources */ = {isa = PBXBuildFile; fileRef = 06E1205D2B5C75C2009A3AF7 /* lstm__me__180.mlpackage */; };
		06E1206A2B5C75C3009A3AF7 /* lstm__me__90.mlpackage in Sources */ = {isa = PBXBuildFile; fileRef = 06E1205E2B5C75C2009A3AF7 /* lstm__me__90.mlpackage */; };
		06E1206B2B5C75C3009A3AF7 /* lstm__me__105.mlpackage in Sources */ = {isa = PBXBuildFile; fileRef = 06E1205F2B5C75C2009A3AF7 /* lstm__me__105.mlpackage */; };
		06E1206C2B5C75C3009A3AF7 /* lstm__me__45.mlpackage in Sources */ = {isa = PBXBuildFile; fileRef = 06E120602B5C75C3009A3AF7 /* lstm__me__45.mlpackage */; };
		06E1206D2B5C75C3009A3AF7 /* lstm__me__135.mlpackage in Sources */ = {isa = PBXBuildFile; fileRef = 06E120612B5C75C3009A3AF7 /* lstm__me__135.mlpackage */; };
		06E1206F2B5D3C09009A3AF7 /* figures in Resources */ = {isa = PBXBuildFile; fileRef = 06E1206E2B5D3C09009A3AF7 /* figures */; };
		06E513102B4C3A400003A570 /* RidgeRegressor.swift in Sources */ = {isa = PBXBuildFile; fileRef = 06E5130F2B4C3A400003A570 /* RidgeRegressor.swift */; };
		06EA7E852ADC47F100752533 /* GlucoProphetApp.swift in Sources */ = {isa = PBXBuildFile; fileRef = 06EA7E842ADC47F100752533 /* GlucoProphetApp.swift */; };
		06EA7E872ADC47F100752533 /* MainView.swift in Sources */ = {isa = PBXBuildFile; fileRef = 06EA7E862ADC47F100752533 /* MainView.swift */; };
		06EA7E892ADC47F200752533 /* Assets.xcassets in Resources */ = {isa = PBXBuildFile; fileRef = 06EA7E882ADC47F200752533 /* Assets.xcassets */; };
		06EA7E8D2ADC47F200752533 /* Preview Assets.xcassets in Resources */ = {isa = PBXBuildFile; fileRef = 06EA7E8C2ADC47F200752533 /* Preview Assets.xcassets */; };
		06EA7E972ADC5D1B00752533 /* MainViewController.swift in Sources */ = {isa = PBXBuildFile; fileRef = 06EA7E962ADC5D1B00752533 /* MainViewController.swift */; };
		06EA7E992ADC5D5A00752533 /* BloodGlucoseStore.swift in Sources */ = {isa = PBXBuildFile; fileRef = 06EA7E982ADC5D5A00752533 /* BloodGlucoseStore.swift */; };
		06EA7E9B2ADC5D6700752533 /* BloodGlucoseModel.swift in Sources */ = {isa = PBXBuildFile; fileRef = 06EA7E9A2ADC5D6700752533 /* BloodGlucoseModel.swift */; };
		06EA7E9D2ADC5D7100752533 /* CarbohydrateStore.swift in Sources */ = {isa = PBXBuildFile; fileRef = 06EA7E9C2ADC5D7100752533 /* CarbohydrateStore.swift */; };
		06EA7E9F2ADC5D7800752533 /* InsulinStore.swift in Sources */ = {isa = PBXBuildFile; fileRef = 06EA7E9E2ADC5D7800752533 /* InsulinStore.swift */; };
		06EA7EA22ADC5ECC00752533 /* HealthKitSetupAssistant.swift in Sources */ = {isa = PBXBuildFile; fileRef = 06EA7EA12ADC5ECC00752533 /* HealthKitSetupAssistant.swift */; };
		06EA7EA42ADC5ED700752533 /* HealthKitDataStore.swift in Sources */ = {isa = PBXBuildFile; fileRef = 06EA7EA32ADC5ED700752533 /* HealthKitDataStore.swift */; };
		06EA7EA72ADC5F6C00752533 /* HKUnit.swift in Sources */ = {isa = PBXBuildFile; fileRef = 06EA7EA62ADC5F6C00752533 /* HKUnit.swift */; };
		06EA7EA92ADC67C300752533 /* .gitignore in Resources */ = {isa = PBXBuildFile; fileRef = 06EA7EA82ADC67C300752533 /* .gitignore */; };
		58D4814ADD3968C2415F0DA4 /* Pods_GlucoProphet.framework in Frameworks */ = {isa = PBXBuildFile; fileRef = 3342D5C75830B30A282E29BC /* Pods_GlucoProphet.framework */; };
/* End PBXBuildFile section */

/* Begin PBXFileReference section */
		060316992B63C22400CB1AEF /* RealmManager.swift */ = {isa = PBXFileReference; lastKnownFileType = sourcecode.swift; path = RealmManager.swift; sourceTree = "<group>"; };
		0603169B2B64148200CB1AEF /* CarbohydrateModel.swift */ = {isa = PBXFileReference; lastKnownFileType = sourcecode.swift; path = CarbohydrateModel.swift; sourceTree = "<group>"; };
		0603169D2B64175500CB1AEF /* InsulinModel.swift */ = {isa = PBXFileReference; lastKnownFileType = sourcecode.swift; path = InsulinModel.swift; sourceTree = "<group>"; };
		0627B40F2B7638E20073E191 /* ridge_multioutput__me_multioutput__180__what_if.json */ = {isa = PBXFileReference; fileEncoding = 4; lastKnownFileType = text.json; path = ridge_multioutput__me_multioutput__180__what_if.json; sourceTree = "<group>"; };
		063752272B762C710000611B /* ridge_multioutput__me_multioutput__180.json */ = {isa = PBXFileReference; fileEncoding = 4; lastKnownFileType = text.json; path = ridge_multioutput__me_multioutput__180.json; sourceTree = "<group>"; };
		067C894B2B7535A900AA67FF /* RidgeRegressorNew.swift */ = {isa = PBXFileReference; lastKnownFileType = sourcecode.swift; path = RidgeRegressorNew.swift; sourceTree = "<group>"; };
		068E1CB02B46FCE800CCF8E4 /* BaseModel.swift */ = {isa = PBXFileReference; lastKnownFileType = sourcecode.swift; path = BaseModel.swift; sourceTree = "<group>"; };
		068E1CB22B46FE2B00CCF8E4 /* MockModel.swift */ = {isa = PBXFileReference; lastKnownFileType = sourcecode.swift; path = MockModel.swift; sourceTree = "<group>"; };
		06E120002B5A775A009A3AF7 /* LSTM.swift */ = {isa = PBXFileReference; lastKnownFileType = sourcecode.swift; path = LSTM.swift; sourceTree = "<group>"; };
		06E1203E2B5C3E7B009A3AF7 /* ridge__me__105.mlpackage */ = {isa = PBXFileReference; lastKnownFileType = folder.mlpackage; path = ridge__me__105.mlpackage; sourceTree = "<group>"; };
		06E1203F2B5C3E7B009A3AF7 /* ridge__me__180.mlpackage */ = {isa = PBXFileReference; lastKnownFileType = folder.mlpackage; path = ridge__me__180.mlpackage; sourceTree = "<group>"; };
		06E120402B5C3E7B009A3AF7 /* ridge__me__135.mlpackage */ = {isa = PBXFileReference; lastKnownFileType = folder.mlpackage; path = ridge__me__135.mlpackage; sourceTree = "<group>"; };
		06E120412B5C3E7B009A3AF7 /* ridge__me__45.mlpackage */ = {isa = PBXFileReference; lastKnownFileType = folder.mlpackage; path = ridge__me__45.mlpackage; sourceTree = "<group>"; };
		06E120422B5C3E7B009A3AF7 /* ridge__me__15.mlpackage */ = {isa = PBXFileReference; lastKnownFileType = folder.mlpackage; path = ridge__me__15.mlpackage; sourceTree = "<group>"; };
		06E120432B5C3E7B009A3AF7 /* ridge__me__120.mlpackage */ = {isa = PBXFileReference; lastKnownFileType = folder.mlpackage; path = ridge__me__120.mlpackage; sourceTree = "<group>"; };
		06E120442B5C3E7B009A3AF7 /* ridge__me__165.mlpackage */ = {isa = PBXFileReference; lastKnownFileType = folder.mlpackage; path = ridge__me__165.mlpackage; sourceTree = "<group>"; };
		06E120452B5C3E7B009A3AF7 /* ridge__me__150.mlpackage */ = {isa = PBXFileReference; lastKnownFileType = folder.mlpackage; path = ridge__me__150.mlpackage; sourceTree = "<group>"; };
		06E120462B5C3E7B009A3AF7 /* ridge__me__60.mlpackage */ = {isa = PBXFileReference; lastKnownFileType = folder.mlpackage; path = ridge__me__60.mlpackage; sourceTree = "<group>"; };
		06E120472B5C3E7B009A3AF7 /* ridge__me__90.mlpackage */ = {isa = PBXFileReference; lastKnownFileType = folder.mlpackage; path = ridge__me__90.mlpackage; sourceTree = "<group>"; };
		06E120482B5C3E7B009A3AF7 /* ridge__me__75.mlpackage */ = {isa = PBXFileReference; lastKnownFileType = folder.mlpackage; path = ridge__me__75.mlpackage; sourceTree = "<group>"; };
		06E120492B5C3E7B009A3AF7 /* ridge__me__30.mlpackage */ = {isa = PBXFileReference; lastKnownFileType = folder.mlpackage; path = ridge__me__30.mlpackage; sourceTree = "<group>"; };
		06E120562B5C75C2009A3AF7 /* lstm__me__15.mlpackage */ = {isa = PBXFileReference; lastKnownFileType = folder.mlpackage; path = lstm__me__15.mlpackage; sourceTree = "<group>"; };
		06E120572B5C75C2009A3AF7 /* lstm__me__150.mlpackage */ = {isa = PBXFileReference; lastKnownFileType = folder.mlpackage; path = lstm__me__150.mlpackage; sourceTree = "<group>"; };
		06E120582B5C75C2009A3AF7 /* lstm__me__75.mlpackage */ = {isa = PBXFileReference; lastKnownFileType = folder.mlpackage; path = lstm__me__75.mlpackage; sourceTree = "<group>"; };
		06E120592B5C75C2009A3AF7 /* lstm__me__30.mlpackage */ = {isa = PBXFileReference; lastKnownFileType = folder.mlpackage; path = lstm__me__30.mlpackage; sourceTree = "<group>"; };
		06E1205A2B5C75C2009A3AF7 /* lstm__me__165.mlpackage */ = {isa = PBXFileReference; lastKnownFileType = folder.mlpackage; path = lstm__me__165.mlpackage; sourceTree = "<group>"; };
		06E1205B2B5C75C2009A3AF7 /* lstm__me__120.mlpackage */ = {isa = PBXFileReference; lastKnownFileType = folder.mlpackage; path = lstm__me__120.mlpackage; sourceTree = "<group>"; };
		06E1205C2B5C75C2009A3AF7 /* lstm__me__60.mlpackage */ = {isa = PBXFileReference; lastKnownFileType = folder.mlpackage; path = lstm__me__60.mlpackage; sourceTree = "<group>"; };
		06E1205D2B5C75C2009A3AF7 /* lstm__me__180.mlpackage */ = {isa = PBXFileReference; lastKnownFileType = folder.mlpackage; path = lstm__me__180.mlpackage; sourceTree = "<group>"; };
		06E1205E2B5C75C2009A3AF7 /* lstm__me__90.mlpackage */ = {isa = PBXFileReference; lastKnownFileType = folder.mlpackage; path = lstm__me__90.mlpackage; sourceTree = "<group>"; };
		06E1205F2B5C75C2009A3AF7 /* lstm__me__105.mlpackage */ = {isa = PBXFileReference; lastKnownFileType = folder.mlpackage; path = lstm__me__105.mlpackage; sourceTree = "<group>"; };
		06E120602B5C75C3009A3AF7 /* lstm__me__45.mlpackage */ = {isa = PBXFileReference; lastKnownFileType = folder.mlpackage; path = lstm__me__45.mlpackage; sourceTree = "<group>"; };
		06E120612B5C75C3009A3AF7 /* lstm__me__135.mlpackage */ = {isa = PBXFileReference; lastKnownFileType = folder.mlpackage; path = lstm__me__135.mlpackage; sourceTree = "<group>"; };
		06E1206E2B5D3C09009A3AF7 /* figures */ = {isa = PBXFileReference; lastKnownFileType = folder; path = figures; sourceTree = "<group>"; };
		06E120742B5D3DA7009A3AF7 /* README.md */ = {isa = PBXFileReference; lastKnownFileType = net.daringfireball.markdown; path = README.md; sourceTree = "<group>"; };
		06E5130F2B4C3A400003A570 /* RidgeRegressor.swift */ = {isa = PBXFileReference; lastKnownFileType = sourcecode.swift; path = RidgeRegressor.swift; sourceTree = "<group>"; };
		06EA7E812ADC47F100752533 /* GlucoProphet.app */ = {isa = PBXFileReference; explicitFileType = wrapper.application; includeInIndex = 0; path = GlucoProphet.app; sourceTree = BUILT_PRODUCTS_DIR; };
		06EA7E842ADC47F100752533 /* GlucoProphetApp.swift */ = {isa = PBXFileReference; lastKnownFileType = sourcecode.swift; path = GlucoProphetApp.swift; sourceTree = "<group>"; };
		06EA7E862ADC47F100752533 /* MainView.swift */ = {isa = PBXFileReference; lastKnownFileType = sourcecode.swift; path = MainView.swift; sourceTree = "<group>"; };
		06EA7E882ADC47F200752533 /* Assets.xcassets */ = {isa = PBXFileReference; lastKnownFileType = folder.assetcatalog; path = Assets.xcassets; sourceTree = "<group>"; };
		06EA7E8A2ADC47F200752533 /* GlucoProphet.entitlements */ = {isa = PBXFileReference; lastKnownFileType = text.plist.entitlements; path = GlucoProphet.entitlements; sourceTree = "<group>"; };
		06EA7E8C2ADC47F200752533 /* Preview Assets.xcassets */ = {isa = PBXFileReference; lastKnownFileType = folder.assetcatalog; path = "Preview Assets.xcassets"; sourceTree = "<group>"; };
		06EA7E962ADC5D1B00752533 /* MainViewController.swift */ = {isa = PBXFileReference; lastKnownFileType = sourcecode.swift; path = MainViewController.swift; sourceTree = "<group>"; };
		06EA7E982ADC5D5A00752533 /* BloodGlucoseStore.swift */ = {isa = PBXFileReference; lastKnownFileType = sourcecode.swift; path = BloodGlucoseStore.swift; sourceTree = "<group>"; };
		06EA7E9A2ADC5D6700752533 /* BloodGlucoseModel.swift */ = {isa = PBXFileReference; lastKnownFileType = sourcecode.swift; path = BloodGlucoseModel.swift; sourceTree = "<group>"; };
		06EA7E9C2ADC5D7100752533 /* CarbohydrateStore.swift */ = {isa = PBXFileReference; lastKnownFileType = sourcecode.swift; path = CarbohydrateStore.swift; sourceTree = "<group>"; };
		06EA7E9E2ADC5D7800752533 /* InsulinStore.swift */ = {isa = PBXFileReference; lastKnownFileType = sourcecode.swift; path = InsulinStore.swift; sourceTree = "<group>"; };
		06EA7EA12ADC5ECC00752533 /* HealthKitSetupAssistant.swift */ = {isa = PBXFileReference; lastKnownFileType = sourcecode.swift; path = HealthKitSetupAssistant.swift; sourceTree = "<group>"; };
		06EA7EA32ADC5ED700752533 /* HealthKitDataStore.swift */ = {isa = PBXFileReference; lastKnownFileType = sourcecode.swift; path = HealthKitDataStore.swift; sourceTree = "<group>"; };
		06EA7EA62ADC5F6C00752533 /* HKUnit.swift */ = {isa = PBXFileReference; lastKnownFileType = sourcecode.swift; path = HKUnit.swift; sourceTree = "<group>"; };
		06EA7EA82ADC67C300752533 /* .gitignore */ = {isa = PBXFileReference; lastKnownFileType = text; path = .gitignore; sourceTree = "<group>"; };
		3342D5C75830B30A282E29BC /* Pods_GlucoProphet.framework */ = {isa = PBXFileReference; explicitFileType = wrapper.framework; includeInIndex = 0; path = Pods_GlucoProphet.framework; sourceTree = BUILT_PRODUCTS_DIR; };
		3BC2F30A3D29F5CB2545DCF5 /* Pods-GlucoProphet.release.xcconfig */ = {isa = PBXFileReference; includeInIndex = 1; lastKnownFileType = text.xcconfig; name = "Pods-GlucoProphet.release.xcconfig"; path = "Target Support Files/Pods-GlucoProphet/Pods-GlucoProphet.release.xcconfig"; sourceTree = "<group>"; };
		6CA6617F6B1380827C791161 /* Pods-GlucoProphet.debug.xcconfig */ = {isa = PBXFileReference; includeInIndex = 1; lastKnownFileType = text.xcconfig; name = "Pods-GlucoProphet.debug.xcconfig"; path = "Target Support Files/Pods-GlucoProphet/Pods-GlucoProphet.debug.xcconfig"; sourceTree = "<group>"; };
/* End PBXFileReference section */

/* Begin PBXFrameworksBuildPhase section */
		06EA7E7E2ADC47F100752533 /* Frameworks */ = {
			isa = PBXFrameworksBuildPhase;
			buildActionMask = 2147483647;
			files = (
				58D4814ADD3968C2415F0DA4 /* Pods_GlucoProphet.framework in Frameworks */,
			);
			runOnlyForDeploymentPostprocessing = 0;
		};
/* End PBXFrameworksBuildPhase section */

/* Begin PBXGroup section */
		067C894A2B75359600AA67FF /* ridge_new */ = {
			isa = PBXGroup;
			children = (
				063752272B762C710000611B /* ridge_multioutput__me_multioutput__180.json */,
				0627B40F2B7638E20073E191 /* ridge_multioutput__me_multioutput__180__what_if.json */,
			);
			path = ridge_new;
			sourceTree = "<group>";
		};
		068E1CAF2B46FCCD00CCF8E4 /* PredictionModels */ = {
			isa = PBXGroup;
			children = (
				067C894A2B75359600AA67FF /* ridge_new */,
				06E1200D2B5C3A62009A3AF7 /* ridge */,
				06E120062B5A9D80009A3AF7 /* lstm */,
				068E1CB02B46FCE800CCF8E4 /* BaseModel.swift */,
				068E1CB22B46FE2B00CCF8E4 /* MockModel.swift */,
				06E5130F2B4C3A400003A570 /* RidgeRegressor.swift */,
				06E120002B5A775A009A3AF7 /* LSTM.swift */,
				067C894B2B7535A900AA67FF /* RidgeRegressorNew.swift */,
			);
			path = PredictionModels;
			sourceTree = "<group>";
		};
		06E120062B5A9D80009A3AF7 /* lstm */ = {
			isa = PBXGroup;
			children = (
				06E120562B5C75C2009A3AF7 /* lstm__me__15.mlpackage */,
				06E120592B5C75C2009A3AF7 /* lstm__me__30.mlpackage */,
				06E120602B5C75C3009A3AF7 /* lstm__me__45.mlpackage */,
				06E1205C2B5C75C2009A3AF7 /* lstm__me__60.mlpackage */,
				06E120582B5C75C2009A3AF7 /* lstm__me__75.mlpackage */,
				06E1205E2B5C75C2009A3AF7 /* lstm__me__90.mlpackage */,
				06E1205F2B5C75C2009A3AF7 /* lstm__me__105.mlpackage */,
				06E1205B2B5C75C2009A3AF7 /* lstm__me__120.mlpackage */,
				06E120612B5C75C3009A3AF7 /* lstm__me__135.mlpackage */,
				06E120572B5C75C2009A3AF7 /* lstm__me__150.mlpackage */,
				06E1205A2B5C75C2009A3AF7 /* lstm__me__165.mlpackage */,
				06E1205D2B5C75C2009A3AF7 /* lstm__me__180.mlpackage */,
			);
			path = lstm;
			sourceTree = "<group>";
		};
		06E1200D2B5C3A62009A3AF7 /* ridge */ = {
			isa = PBXGroup;
			children = (
				06E120422B5C3E7B009A3AF7 /* ridge__me__15.mlpackage */,
				06E120492B5C3E7B009A3AF7 /* ridge__me__30.mlpackage */,
				06E120412B5C3E7B009A3AF7 /* ridge__me__45.mlpackage */,
				06E120462B5C3E7B009A3AF7 /* ridge__me__60.mlpackage */,
				06E120482B5C3E7B009A3AF7 /* ridge__me__75.mlpackage */,
				06E120472B5C3E7B009A3AF7 /* ridge__me__90.mlpackage */,
				06E1203E2B5C3E7B009A3AF7 /* ridge__me__105.mlpackage */,
				06E120432B5C3E7B009A3AF7 /* ridge__me__120.mlpackage */,
				06E120402B5C3E7B009A3AF7 /* ridge__me__135.mlpackage */,
				06E120452B5C3E7B009A3AF7 /* ridge__me__150.mlpackage */,
				06E120442B5C3E7B009A3AF7 /* ridge__me__165.mlpackage */,
				06E1203F2B5C3E7B009A3AF7 /* ridge__me__180.mlpackage */,
			);
			path = ridge;
			sourceTree = "<group>";
		};
		06EA7E782ADC47F100752533 = {
			isa = PBXGroup;
			children = (
				06E120742B5D3DA7009A3AF7 /* README.md */,
				06EA7EA82ADC67C300752533 /* .gitignore */,
				06E1206E2B5D3C09009A3AF7 /* figures */,
				06EA7E832ADC47F100752533 /* GlucoProphet */,
				06EA7E822ADC47F100752533 /* Products */,
				503891A17C19623BEBC631D2 /* Pods */,
				DD871A333295E5847EA8F852 /* Frameworks */,
			);
			sourceTree = "<group>";
		};
		06EA7E822ADC47F100752533 /* Products */ = {
			isa = PBXGroup;
			children = (
				06EA7E812ADC47F100752533 /* GlucoProphet.app */,
			);
			name = Products;
			sourceTree = "<group>";
		};
		06EA7E832ADC47F100752533 /* GlucoProphet */ = {
			isa = PBXGroup;
			children = (
				06EA7E842ADC47F100752533 /* GlucoProphetApp.swift */,
				06EA7E952ADC562200752533 /* Controllers */,
				06EA7E942ADC561300752533 /* Views */,
				06EA7E932ADC55FC00752533 /* Models */,
				068E1CAF2B46FCCD00CCF8E4 /* PredictionModels */,
				06EA7EA02ADC5EBB00752533 /* Helpers */,
				06EA7EA52ADC5F5E00752533 /* Extensions */,
				06EA7E8A2ADC47F200752533 /* GlucoProphet.entitlements */,
				06EA7E882ADC47F200752533 /* Assets.xcassets */,
				06EA7E8B2ADC47F200752533 /* Preview Content */,
			);
			path = GlucoProphet;
			sourceTree = "<group>";
		};
		06EA7E8B2ADC47F200752533 /* Preview Content */ = {
			isa = PBXGroup;
			children = (
				06EA7E8C2ADC47F200752533 /* Preview Assets.xcassets */,
			);
			path = "Preview Content";
			sourceTree = "<group>";
		};
		06EA7E932ADC55FC00752533 /* Models */ = {
			isa = PBXGroup;
			children = (
				06EA7E982ADC5D5A00752533 /* BloodGlucoseStore.swift */,
				06EA7E9A2ADC5D6700752533 /* BloodGlucoseModel.swift */,
				06EA7E9C2ADC5D7100752533 /* CarbohydrateStore.swift */,
				06EA7E9E2ADC5D7800752533 /* InsulinStore.swift */,
				0603169B2B64148200CB1AEF /* CarbohydrateModel.swift */,
				0603169D2B64175500CB1AEF /* InsulinModel.swift */,
			);
			path = Models;
			sourceTree = "<group>";
		};
		06EA7E942ADC561300752533 /* Views */ = {
			isa = PBXGroup;
			children = (
				06EA7E862ADC47F100752533 /* MainView.swift */,
			);
			path = Views;
			sourceTree = "<group>";
		};
		06EA7E952ADC562200752533 /* Controllers */ = {
			isa = PBXGroup;
			children = (
				06EA7E962ADC5D1B00752533 /* MainViewController.swift */,
			);
			path = Controllers;
			sourceTree = "<group>";
		};
		06EA7EA02ADC5EBB00752533 /* Helpers */ = {
			isa = PBXGroup;
			children = (
				06EA7EA12ADC5ECC00752533 /* HealthKitSetupAssistant.swift */,
				06EA7EA32ADC5ED700752533 /* HealthKitDataStore.swift */,
				060316992B63C22400CB1AEF /* RealmManager.swift */,
			);
			path = Helpers;
			sourceTree = "<group>";
		};
		06EA7EA52ADC5F5E00752533 /* Extensions */ = {
			isa = PBXGroup;
			children = (
				06EA7EA62ADC5F6C00752533 /* HKUnit.swift */,
			);
			path = Extensions;
			sourceTree = "<group>";
		};
		503891A17C19623BEBC631D2 /* Pods */ = {
			isa = PBXGroup;
			children = (
				6CA6617F6B1380827C791161 /* Pods-GlucoProphet.debug.xcconfig */,
				3BC2F30A3D29F5CB2545DCF5 /* Pods-GlucoProphet.release.xcconfig */,
			);
			path = Pods;
			sourceTree = "<group>";
		};
		DD871A333295E5847EA8F852 /* Frameworks */ = {
			isa = PBXGroup;
			children = (
				3342D5C75830B30A282E29BC /* Pods_GlucoProphet.framework */,
			);
			name = Frameworks;
			sourceTree = "<group>";
		};
/* End PBXGroup section */

/* Begin PBXNativeTarget section */
		06EA7E802ADC47F100752533 /* GlucoProphet */ = {
			isa = PBXNativeTarget;
			buildConfigurationList = 06EA7E902ADC47F200752533 /* Build configuration list for PBXNativeTarget "GlucoProphet" */;
			buildPhases = (
				F3061868F155780D3DA36A3E /* [CP] Check Pods Manifest.lock */,
				06EA7E7D2ADC47F100752533 /* Sources */,
				06EA7E7E2ADC47F100752533 /* Frameworks */,
				06EA7E7F2ADC47F100752533 /* Resources */,
				CD15A92F529FFDB9D435F21D /* [CP] Embed Pods Frameworks */,
			);
			buildRules = (
			);
			dependencies = (
			);
			name = GlucoProphet;
			productName = GlucoProphet;
			productReference = 06EA7E812ADC47F100752533 /* GlucoProphet.app */;
			productType = "com.apple.product-type.application";
		};
/* End PBXNativeTarget section */

/* Begin PBXProject section */
		06EA7E792ADC47F100752533 /* Project object */ = {
			isa = PBXProject;
			attributes = {
				BuildIndependentTargetsInParallel = 1;
				LastSwiftUpdateCheck = 1500;
				LastUpgradeCheck = 1520;
				TargetAttributes = {
					06EA7E802ADC47F100752533 = {
						CreatedOnToolsVersion = 15.0;
					};
				};
			};
			buildConfigurationList = 06EA7E7C2ADC47F100752533 /* Build configuration list for PBXProject "GlucoProphet" */;
			compatibilityVersion = "Xcode 14.0";
			developmentRegion = en;
			hasScannedForEncodings = 0;
			knownRegions = (
				en,
				Base,
			);
			mainGroup = 06EA7E782ADC47F100752533;
			productRefGroup = 06EA7E822ADC47F100752533 /* Products */;
			projectDirPath = "";
			projectRoot = "";
			targets = (
				06EA7E802ADC47F100752533 /* GlucoProphet */,
			);
		};
/* End PBXProject section */

/* Begin PBXResourcesBuildPhase section */
		06EA7E7F2ADC47F100752533 /* Resources */ = {
			isa = PBXResourcesBuildPhase;
			buildActionMask = 2147483647;
			files = (
				06E1206F2B5D3C09009A3AF7 /* figures in Resources */,
				06EA7E8D2ADC47F200752533 /* Preview Assets.xcassets in Resources */,
				063752282B762C710000611B /* ridge_multioutput__me_multioutput__180.json in Resources */,
				06EA7EA92ADC67C300752533 /* .gitignore in Resources */,
				0627B4102B7638E30073E191 /* ridge_multioutput__me_multioutput__180__what_if.json in Resources */,
				06EA7E892ADC47F200752533 /* Assets.xcassets in Resources */,
			);
			runOnlyForDeploymentPostprocessing = 0;
		};
/* End PBXResourcesBuildPhase section */

/* Begin PBXShellScriptBuildPhase section */
		CD15A92F529FFDB9D435F21D /* [CP] Embed Pods Frameworks */ = {
			isa = PBXShellScriptBuildPhase;
			buildActionMask = 2147483647;
			files = (
			);
			inputFileListPaths = (
				"${PODS_ROOT}/Target Support Files/Pods-GlucoProphet/Pods-GlucoProphet-frameworks-${CONFIGURATION}-input-files.xcfilelist",
			);
			name = "[CP] Embed Pods Frameworks";
			outputFileListPaths = (
				"${PODS_ROOT}/Target Support Files/Pods-GlucoProphet/Pods-GlucoProphet-frameworks-${CONFIGURATION}-output-files.xcfilelist",
			);
			runOnlyForDeploymentPostprocessing = 0;
			shellPath = /bin/sh;
			shellScript = "\"${PODS_ROOT}/Target Support Files/Pods-GlucoProphet/Pods-GlucoProphet-frameworks.sh\"\n";
			showEnvVarsInLog = 0;
		};
		F3061868F155780D3DA36A3E /* [CP] Check Pods Manifest.lock */ = {
			isa = PBXShellScriptBuildPhase;
			buildActionMask = 2147483647;
			files = (
			);
			inputFileListPaths = (
			);
			inputPaths = (
				"${PODS_PODFILE_DIR_PATH}/Podfile.lock",
				"${PODS_ROOT}/Manifest.lock",
			);
			name = "[CP] Check Pods Manifest.lock";
			outputFileListPaths = (
			);
			outputPaths = (
				"$(DERIVED_FILE_DIR)/Pods-GlucoProphet-checkManifestLockResult.txt",
			);
			runOnlyForDeploymentPostprocessing = 0;
			shellPath = /bin/sh;
			shellScript = "diff \"${PODS_PODFILE_DIR_PATH}/Podfile.lock\" \"${PODS_ROOT}/Manifest.lock\" > /dev/null\nif [ $? != 0 ] ; then\n    # print error to STDERR\n    echo \"error: The sandbox is not in sync with the Podfile.lock. Run 'pod install' or update your CocoaPods installation.\" >&2\n    exit 1\nfi\n# This output is used by Xcode 'outputs' to avoid re-running this script phase.\necho \"SUCCESS\" > \"${SCRIPT_OUTPUT_FILE_0}\"\n";
			showEnvVarsInLog = 0;
		};
/* End PBXShellScriptBuildPhase section */

/* Begin PBXSourcesBuildPhase section */
		06EA7E7D2ADC47F100752533 /* Sources */ = {
			isa = PBXSourcesBuildPhase;
			buildActionMask = 2147483647;
			files = (
				06EA7EA72ADC5F6C00752533 /* HKUnit.swift in Sources */,
				06E1204F2B5C3E7B009A3AF7 /* ridge__me__120.mlpackage in Sources */,
				06EA7E972ADC5D1B00752533 /* MainViewController.swift in Sources */,
				06E120532B5C3E7B009A3AF7 /* ridge__me__90.mlpackage in Sources */,
				06E120622B5C75C3009A3AF7 /* lstm__me__15.mlpackage in Sources */,
				068E1CB32B46FE2B00CCF8E4 /* MockModel.swift in Sources */,
				06E1204B2B5C3E7B009A3AF7 /* ridge__me__180.mlpackage in Sources */,
				068E1CB12B46FCE800CCF8E4 /* BaseModel.swift in Sources */,
				06E120542B5C3E7B009A3AF7 /* ridge__me__75.mlpackage in Sources */,
				06E120642B5C75C3009A3AF7 /* lstm__me__75.mlpackage in Sources */,
				06E1206B2B5C75C3009A3AF7 /* lstm__me__105.mlpackage in Sources */,
				06E1204D2B5C3E7B009A3AF7 /* ridge__me__45.mlpackage in Sources */,
				06E120672B5C75C3009A3AF7 /* lstm__me__120.mlpackage in Sources */,
				06E120632B5C75C3009A3AF7 /* lstm__me__150.mlpackage in Sources */,
				06EA7EA22ADC5ECC00752533 /* HealthKitSetupAssistant.swift in Sources */,
				06EA7E9D2ADC5D7100752533 /* CarbohydrateStore.swift in Sources */,
				06E120652B5C75C3009A3AF7 /* lstm__me__30.mlpackage in Sources */,
				06E1206D2B5C75C3009A3AF7 /* lstm__me__135.mlpackage in Sources */,
				06E120552B5C3E7B009A3AF7 /* ridge__me__30.mlpackage in Sources */,
				0603169C2B64148200CB1AEF /* CarbohydrateModel.swift in Sources */,
				06E120512B5C3E7B009A3AF7 /* ridge__me__150.mlpackage in Sources */,
				0603169E2B64175500CB1AEF /* InsulinModel.swift in Sources */,
				06E513102B4C3A400003A570 /* RidgeRegressor.swift in Sources */,
				06EA7E9B2ADC5D6700752533 /* BloodGlucoseModel.swift in Sources */,
				06EA7E9F2ADC5D7800752533 /* InsulinStore.swift in Sources */,
				06EA7EA42ADC5ED700752533 /* HealthKitDataStore.swift in Sources */,
				06EA7E992ADC5D5A00752533 /* BloodGlucoseStore.swift in Sources */,
				06E120662B5C75C3009A3AF7 /* lstm__me__165.mlpackage in Sources */,
				0603169A2B63C22400CB1AEF /* RealmManager.swift in Sources */,
				06E120502B5C3E7B009A3AF7 /* ridge__me__165.mlpackage in Sources */,
				06E120682B5C75C3009A3AF7 /* lstm__me__60.mlpackage in Sources */,
				06E120012B5A775A009A3AF7 /* LSTM.swift in Sources */,
				06E1204C2B5C3E7B009A3AF7 /* ridge__me__135.mlpackage in Sources */,
				067C894C2B7535A900AA67FF /* RidgeRegressorNew.swift in Sources */,
				06E1204E2B5C3E7B009A3AF7 /* ridge__me__15.mlpackage in Sources */,
				06E1206C2B5C75C3009A3AF7 /* lstm__me__45.mlpackage in Sources */,
				06E1204A2B5C3E7B009A3AF7 /* ridge__me__105.mlpackage in Sources */,
				06EA7E872ADC47F100752533 /* MainView.swift in Sources */,
				06E120692B5C75C3009A3AF7 /* lstm__me__180.mlpackage in Sources */,
				06EA7E852ADC47F100752533 /* GlucoProphetApp.swift in Sources */,
				06E120522B5C3E7B009A3AF7 /* ridge__me__60.mlpackage in Sources */,
				06E1206A2B5C75C3009A3AF7 /* lstm__me__90.mlpackage in Sources */,
			);
			runOnlyForDeploymentPostprocessing = 0;
		};
/* End PBXSourcesBuildPhase section */

/* Begin XCBuildConfiguration section */
		06EA7E8E2ADC47F200752533 /* Debug */ = {
			isa = XCBuildConfiguration;
			buildSettings = {
				ALWAYS_SEARCH_USER_PATHS = NO;
				ASSETCATALOG_COMPILER_GENERATE_SWIFT_ASSET_SYMBOL_EXTENSIONS = YES;
				CLANG_ANALYZER_NONNULL = YES;
				CLANG_ANALYZER_NUMBER_OBJECT_CONVERSION = YES_AGGRESSIVE;
				CLANG_CXX_LANGUAGE_STANDARD = "gnu++20";
				CLANG_ENABLE_MODULES = YES;
				CLANG_ENABLE_OBJC_ARC = YES;
				CLANG_ENABLE_OBJC_WEAK = YES;
				CLANG_WARN_BLOCK_CAPTURE_AUTORELEASING = YES;
				CLANG_WARN_BOOL_CONVERSION = YES;
				CLANG_WARN_COMMA = YES;
				CLANG_WARN_CONSTANT_CONVERSION = YES;
				CLANG_WARN_DEPRECATED_OBJC_IMPLEMENTATIONS = YES;
				CLANG_WARN_DIRECT_OBJC_ISA_USAGE = YES_ERROR;
				CLANG_WARN_DOCUMENTATION_COMMENTS = YES;
				CLANG_WARN_EMPTY_BODY = YES;
				CLANG_WARN_ENUM_CONVERSION = YES;
				CLANG_WARN_INFINITE_RECURSION = YES;
				CLANG_WARN_INT_CONVERSION = YES;
				CLANG_WARN_NON_LITERAL_NULL_CONVERSION = YES;
				CLANG_WARN_OBJC_IMPLICIT_RETAIN_SELF = YES;
				CLANG_WARN_OBJC_LITERAL_CONVERSION = YES;
				CLANG_WARN_OBJC_ROOT_CLASS = YES_ERROR;
				CLANG_WARN_QUOTED_INCLUDE_IN_FRAMEWORK_HEADER = YES;
				CLANG_WARN_RANGE_LOOP_ANALYSIS = YES;
				CLANG_WARN_STRICT_PROTOTYPES = YES;
				CLANG_WARN_SUSPICIOUS_MOVE = YES;
				CLANG_WARN_UNGUARDED_AVAILABILITY = YES_AGGRESSIVE;
				CLANG_WARN_UNREACHABLE_CODE = YES;
				CLANG_WARN__DUPLICATE_METHOD_MATCH = YES;
				COPY_PHASE_STRIP = NO;
				DEAD_CODE_STRIPPING = YES;
				DEBUG_INFORMATION_FORMAT = dwarf;
				ENABLE_STRICT_OBJC_MSGSEND = YES;
				ENABLE_TESTABILITY = YES;
				ENABLE_USER_SCRIPT_SANDBOXING = NO;
				GCC_C_LANGUAGE_STANDARD = gnu17;
				GCC_DYNAMIC_NO_PIC = NO;
				GCC_NO_COMMON_BLOCKS = YES;
				GCC_OPTIMIZATION_LEVEL = 0;
				GCC_PREPROCESSOR_DEFINITIONS = (
					"DEBUG=1",
					"$(inherited)",
				);
				GCC_WARN_64_TO_32_BIT_CONVERSION = YES;
				GCC_WARN_ABOUT_RETURN_TYPE = YES_ERROR;
				GCC_WARN_UNDECLARED_SELECTOR = YES;
				GCC_WARN_UNINITIALIZED_AUTOS = YES_AGGRESSIVE;
				GCC_WARN_UNUSED_FUNCTION = YES;
				GCC_WARN_UNUSED_VARIABLE = YES;
				LOCALIZATION_PREFERS_STRING_CATALOGS = YES;
				MTL_ENABLE_DEBUG_INFO = INCLUDE_SOURCE;
				MTL_FAST_MATH = YES;
				ONLY_ACTIVE_ARCH = YES;
				SWIFT_ACTIVE_COMPILATION_CONDITIONS = "DEBUG $(inherited)";
				SWIFT_OPTIMIZATION_LEVEL = "-Onone";
			};
			name = Debug;
		};
		06EA7E8F2ADC47F200752533 /* Release */ = {
			isa = XCBuildConfiguration;
			buildSettings = {
				ALWAYS_SEARCH_USER_PATHS = NO;
				ASSETCATALOG_COMPILER_GENERATE_SWIFT_ASSET_SYMBOL_EXTENSIONS = YES;
				CLANG_ANALYZER_NONNULL = YES;
				CLANG_ANALYZER_NUMBER_OBJECT_CONVERSION = YES_AGGRESSIVE;
				CLANG_CXX_LANGUAGE_STANDARD = "gnu++20";
				CLANG_ENABLE_MODULES = YES;
				CLANG_ENABLE_OBJC_ARC = YES;
				CLANG_ENABLE_OBJC_WEAK = YES;
				CLANG_WARN_BLOCK_CAPTURE_AUTORELEASING = YES;
				CLANG_WARN_BOOL_CONVERSION = YES;
				CLANG_WARN_COMMA = YES;
				CLANG_WARN_CONSTANT_CONVERSION = YES;
				CLANG_WARN_DEPRECATED_OBJC_IMPLEMENTATIONS = YES;
				CLANG_WARN_DIRECT_OBJC_ISA_USAGE = YES_ERROR;
				CLANG_WARN_DOCUMENTATION_COMMENTS = YES;
				CLANG_WARN_EMPTY_BODY = YES;
				CLANG_WARN_ENUM_CONVERSION = YES;
				CLANG_WARN_INFINITE_RECURSION = YES;
				CLANG_WARN_INT_CONVERSION = YES;
				CLANG_WARN_NON_LITERAL_NULL_CONVERSION = YES;
				CLANG_WARN_OBJC_IMPLICIT_RETAIN_SELF = YES;
				CLANG_WARN_OBJC_LITERAL_CONVERSION = YES;
				CLANG_WARN_OBJC_ROOT_CLASS = YES_ERROR;
				CLANG_WARN_QUOTED_INCLUDE_IN_FRAMEWORK_HEADER = YES;
				CLANG_WARN_RANGE_LOOP_ANALYSIS = YES;
				CLANG_WARN_STRICT_PROTOTYPES = YES;
				CLANG_WARN_SUSPICIOUS_MOVE = YES;
				CLANG_WARN_UNGUARDED_AVAILABILITY = YES_AGGRESSIVE;
				CLANG_WARN_UNREACHABLE_CODE = YES;
				CLANG_WARN__DUPLICATE_METHOD_MATCH = YES;
				COPY_PHASE_STRIP = NO;
				DEAD_CODE_STRIPPING = YES;
				DEBUG_INFORMATION_FORMAT = "dwarf-with-dsym";
				ENABLE_NS_ASSERTIONS = NO;
				ENABLE_STRICT_OBJC_MSGSEND = YES;
				ENABLE_USER_SCRIPT_SANDBOXING = NO;
				GCC_C_LANGUAGE_STANDARD = gnu17;
				GCC_NO_COMMON_BLOCKS = YES;
				GCC_WARN_64_TO_32_BIT_CONVERSION = YES;
				GCC_WARN_ABOUT_RETURN_TYPE = YES_ERROR;
				GCC_WARN_UNDECLARED_SELECTOR = YES;
				GCC_WARN_UNINITIALIZED_AUTOS = YES_AGGRESSIVE;
				GCC_WARN_UNUSED_FUNCTION = YES;
				GCC_WARN_UNUSED_VARIABLE = YES;
				LOCALIZATION_PREFERS_STRING_CATALOGS = YES;
				MTL_ENABLE_DEBUG_INFO = NO;
				MTL_FAST_MATH = YES;
				SWIFT_COMPILATION_MODE = wholemodule;
			};
			name = Release;
		};
		06EA7E912ADC47F200752533 /* Debug */ = {
			isa = XCBuildConfiguration;
			baseConfigurationReference = 6CA6617F6B1380827C791161 /* Pods-GlucoProphet.debug.xcconfig */;
			buildSettings = {
				ASSETCATALOG_COMPILER_APPICON_NAME = AppIcon;
				ASSETCATALOG_COMPILER_GLOBAL_ACCENT_COLOR_NAME = AccentColor;
				CODE_SIGN_ENTITLEMENTS = GlucoProphet/GlucoProphet.entitlements;
				CODE_SIGN_STYLE = Automatic;
				CURRENT_PROJECT_VERSION = 1;
				DEAD_CODE_STRIPPING = YES;
				DEVELOPMENT_ASSET_PATHS = "\"GlucoProphet/Preview Content\"";
				DEVELOPMENT_TEAM = F97789F2PG;
				ENABLE_HARDENED_RUNTIME = YES;
				ENABLE_PREVIEWS = YES;
				GENERATE_INFOPLIST_FILE = YES;
				INFOPLIST_KEY_NSHealthShareUsageDescription = "Allow access to read from Apple Health to allow for real time blood glucose predictions.";
				"INFOPLIST_KEY_UIApplicationSceneManifest_Generation[sdk=iphoneos*]" = YES;
				"INFOPLIST_KEY_UIApplicationSceneManifest_Generation[sdk=iphonesimulator*]" = YES;
				"INFOPLIST_KEY_UIApplicationSupportsIndirectInputEvents[sdk=iphoneos*]" = YES;
				"INFOPLIST_KEY_UIApplicationSupportsIndirectInputEvents[sdk=iphonesimulator*]" = YES;
				"INFOPLIST_KEY_UILaunchScreen_Generation[sdk=iphoneos*]" = YES;
				"INFOPLIST_KEY_UILaunchScreen_Generation[sdk=iphonesimulator*]" = YES;
				"INFOPLIST_KEY_UIStatusBarStyle[sdk=iphoneos*]" = UIStatusBarStyleDefault;
				"INFOPLIST_KEY_UIStatusBarStyle[sdk=iphonesimulator*]" = UIStatusBarStyleDefault;
				INFOPLIST_KEY_UISupportedInterfaceOrientations_iPad = "UIInterfaceOrientationPortrait UIInterfaceOrientationPortraitUpsideDown UIInterfaceOrientationLandscapeLeft UIInterfaceOrientationLandscapeRight";
				INFOPLIST_KEY_UISupportedInterfaceOrientations_iPhone = "UIInterfaceOrientationPortrait UIInterfaceOrientationLandscapeLeft UIInterfaceOrientationLandscapeRight";
				IPHONEOS_DEPLOYMENT_TARGET = 16.0;
				LD_RUNPATH_SEARCH_PATHS = "@executable_path/Frameworks";
				"LD_RUNPATH_SEARCH_PATHS[sdk=macosx*]" = "@executable_path/../Frameworks";
				MACOSX_DEPLOYMENT_TARGET = 13.6;
				MARKETING_VERSION = 1.0;
				PRODUCT_BUNDLE_IDENTIFIER = miriamkw.GlucoProphet;
				PRODUCT_NAME = "$(TARGET_NAME)";
				SDKROOT = auto;
				SUPPORTED_PLATFORMS = "iphoneos iphonesimulator macosx";
				SWIFT_EMIT_LOC_STRINGS = YES;
				SWIFT_VERSION = 5.0;
				TARGETED_DEVICE_FAMILY = "1,2";
			};
			name = Debug;
		};
		06EA7E922ADC47F200752533 /* Release */ = {
			isa = XCBuildConfiguration;
			baseConfigurationReference = 3BC2F30A3D29F5CB2545DCF5 /* Pods-GlucoProphet.release.xcconfig */;
			buildSettings = {
				ASSETCATALOG_COMPILER_APPICON_NAME = AppIcon;
				ASSETCATALOG_COMPILER_GLOBAL_ACCENT_COLOR_NAME = AccentColor;
				CODE_SIGN_ENTITLEMENTS = GlucoProphet/GlucoProphet.entitlements;
				CODE_SIGN_STYLE = Automatic;
				CURRENT_PROJECT_VERSION = 1;
				DEAD_CODE_STRIPPING = YES;
				DEVELOPMENT_ASSET_PATHS = "\"GlucoProphet/Preview Content\"";
				DEVELOPMENT_TEAM = F97789F2PG;
				ENABLE_HARDENED_RUNTIME = YES;
				ENABLE_PREVIEWS = YES;
				GENERATE_INFOPLIST_FILE = YES;
				INFOPLIST_KEY_NSHealthShareUsageDescription = "Allow access to read from Apple Health to allow for real time blood glucose predictions.";
				"INFOPLIST_KEY_UIApplicationSceneManifest_Generation[sdk=iphoneos*]" = YES;
				"INFOPLIST_KEY_UIApplicationSceneManifest_Generation[sdk=iphonesimulator*]" = YES;
				"INFOPLIST_KEY_UIApplicationSupportsIndirectInputEvents[sdk=iphoneos*]" = YES;
				"INFOPLIST_KEY_UIApplicationSupportsIndirectInputEvents[sdk=iphonesimulator*]" = YES;
				"INFOPLIST_KEY_UILaunchScreen_Generation[sdk=iphoneos*]" = YES;
				"INFOPLIST_KEY_UILaunchScreen_Generation[sdk=iphonesimulator*]" = YES;
				"INFOPLIST_KEY_UIStatusBarStyle[sdk=iphoneos*]" = UIStatusBarStyleDefault;
				"INFOPLIST_KEY_UIStatusBarStyle[sdk=iphonesimulator*]" = UIStatusBarStyleDefault;
				INFOPLIST_KEY_UISupportedInterfaceOrientations_iPad = "UIInterfaceOrientationPortrait UIInterfaceOrientationPortraitUpsideDown UIInterfaceOrientationLandscapeLeft UIInterfaceOrientationLandscapeRight";
				INFOPLIST_KEY_UISupportedInterfaceOrientations_iPhone = "UIInterfaceOrientationPortrait UIInterfaceOrientationLandscapeLeft UIInterfaceOrientationLandscapeRight";
				IPHONEOS_DEPLOYMENT_TARGET = 16.0;
				LD_RUNPATH_SEARCH_PATHS = "@executable_path/Frameworks";
				"LD_RUNPATH_SEARCH_PATHS[sdk=macosx*]" = "@executable_path/../Frameworks";
				MACOSX_DEPLOYMENT_TARGET = 13.6;
				MARKETING_VERSION = 1.0;
				PRODUCT_BUNDLE_IDENTIFIER = miriamkw.GlucoProphet;
				PRODUCT_NAME = "$(TARGET_NAME)";
				SDKROOT = auto;
				SUPPORTED_PLATFORMS = "iphoneos iphonesimulator macosx";
				SWIFT_EMIT_LOC_STRINGS = YES;
				SWIFT_VERSION = 5.0;
				TARGETED_DEVICE_FAMILY = "1,2";
			};
			name = Release;
		};
/* End XCBuildConfiguration section */

/* Begin XCConfigurationList section */
		06EA7E7C2ADC47F100752533 /* Build configuration list for PBXProject "GlucoProphet" */ = {
			isa = XCConfigurationList;
			buildConfigurations = (
				06EA7E8E2ADC47F200752533 /* Debug */,
				06EA7E8F2ADC47F200752533 /* Release */,
			);
			defaultConfigurationIsVisible = 0;
			defaultConfigurationName = Release;
		};
		06EA7E902ADC47F200752533 /* Build configuration list for PBXNativeTarget "GlucoProphet" */ = {
			isa = XCConfigurationList;
			buildConfigurations = (
				06EA7E912ADC47F200752533 /* Debug */,
				06EA7E922ADC47F200752533 /* Release */,
			);
			defaultConfigurationIsVisible = 0;
			defaultConfigurationName = Release;
		};
/* End XCConfigurationList section */
	};
	rootObject = 06EA7E792ADC47F100752533 /* Project object */;
}
